
Microsoft Visual Studio Solution File, Format Version 12.00
Project("{FAE04EC0-301F-11D3-BF4B-00C04F79EFBC}") = "Stocky.WebApi", "Stocky.WebApi\Stocky.WebApi.csproj", "{4A52C16C-3115-4E48-9276-3419484CFFEB}"
EndProject
Project("{FAE04EC0-301F-11D3-BF4B-00C04F79EFBC}") = "Stocky.Shared", "Stocky.Shared\Stocky.Shared.csproj", "{A2658686-30DE-4921-8D43-4661E1FD4474}"
EndProject
Project("{FAE04EC0-301F-11D3-BF4B-00C04F79EFBC}") = "Stocky.Client", "Stocky.Client\Stocky.Client.csproj", "{2169E8F8-59DC-4F8C-A928-00E5A0613CC0}"
EndProject
Global
	GlobalSection(SolutionConfigurationPlatforms) = preSolution
		Debug|Any CPU = Debug|Any CPU
		Release|Any CPU = Release|Any CPU
	EndGlobalSection
	GlobalSection(ProjectConfigurationPlatforms) = postSolution
		{4A52C16C-3115-4E48-9276-3419484CFFEB}.Debug|Any CPU.ActiveCfg = Debug|Any CPU
		{4A52C16C-3115-4E48-9276-3419484CFFEB}.Debug|Any CPU.Build.0 = Debug|Any CPU
		{4A52C16C-3115-4E48-9276-3419484CFFEB}.Release|Any CPU.ActiveCfg = Release|Any CPU
		{4A52C16C-3115-4E48-9276-3419484CFFEB}.Release|Any CPU.Build.0 = Release|Any CPU
		{A2658686-30DE-4921-8D43-4661E1FD4474}.Debug|Any CPU.ActiveCfg = Debug|Any CPU
		{A2658686-30DE-4921-8D43-4661E1FD4474}.Debug|Any CPU.Build.0 = Debug|Any CPU
		{A2658686-30DE-4921-8D43-4661E1FD4474}.Release|Any CPU.ActiveCfg = Release|Any CPU
		{A2658686-30DE-4921-8D43-4661E1FD4474}.Release|Any CPU.Build.0 = Release|Any CPU
		{2169E8F8-59DC-4F8C-A928-00E5A0613CC0}.Debug|Any CPU.ActiveCfg = Debug|Any CPU
		{2169E8F8-59DC-4F8C-A928-00E5A0613CC0}.Debug|Any CPU.Build.0 = Debug|Any CPU
		{2169E8F8-59DC-4F8C-A928-00E5A0613CC0}.Release|Any CPU.ActiveCfg = Release|Any CPU
		{2169E8F8-59DC-4F8C-A928-00E5A0613CC0}.Release|Any CPU.Build.0 = Release|Any CPU
	EndGlobalSection
EndGlobal
